
Microsoft Visual Studio Solution File, Format Version 12.00
# Visual Studio Version 16
VisualStudioVersion = 16.0.31729.503
MinimumVisualStudioVersion = 10.0.40219.1
Project("{2150E333-8FDC-42A3-9474-1A3956D46DE8}") = "Services", "Services", "{E57F0BA3-88EF-47DB-AD6E-16AE3433D972}"
EndProject
Project("{2150E333-8FDC-42A3-9474-1A3956D46DE8}") = "Catalog", "Catalog", "{1C1F3FE2-F585-468E-9B5F-7406FFD28908}"
EndProject
Project("{9A19103F-16F7-4668-BE54-9A1E7A4F7556}") = "Catalog.API", "Services\Catalog\Catalog.API\Catalog.API.csproj", "{BB809263-F052-49C9-BE8B-646C4F61F430}"
EndProject
Project("{E53339B2-1760-4266-BCC7-CA923CBCF16C}") = "docker-compose", "docker-compose.dcproj", "{786E07A1-B2ED-4B4B-B22D-E91F79FE3942}"
EndProject
Global
	GlobalSection(SolutionConfigurationPlatforms) = preSolution
		Debug|Any CPU = Debug|Any CPU
		Release|Any CPU = Release|Any CPU
	EndGlobalSection
	GlobalSection(ProjectConfigurationPlatforms) = postSolution
		{BB809263-F052-49C9-BE8B-646C4F61F430}.Debug|Any CPU.ActiveCfg = Debug|Any CPU
		{BB809263-F052-49C9-BE8B-646C4F61F430}.Debug|Any CPU.Build.0 = Debug|Any CPU
		{BB809263-F052-49C9-BE8B-646C4F61F430}.Release|Any CPU.ActiveCfg = Release|Any CPU
		{BB809263-F052-49C9-BE8B-646C4F61F430}.Release|Any CPU.Build.0 = Release|Any CPU
		{786E07A1-B2ED-4B4B-B22D-E91F79FE3942}.Debug|Any CPU.ActiveCfg = Debug|Any CPU
		{786E07A1-B2ED-4B4B-B22D-E91F79FE3942}.Debug|Any CPU.Build.0 = Debug|Any CPU
		{786E07A1-B2ED-4B4B-B22D-E91F79FE3942}.Release|Any CPU.ActiveCfg = Release|Any CPU
		{786E07A1-B2ED-4B4B-B22D-E91F79FE3942}.Release|Any CPU.Build.0 = Release|Any CPU
	EndGlobalSection
	GlobalSection(SolutionProperties) = preSolution
		HideSolutionNode = FALSE
	EndGlobalSection
	GlobalSection(NestedProjects) = preSolution
		{1C1F3FE2-F585-468E-9B5F-7406FFD28908} = {E57F0BA3-88EF-47DB-AD6E-16AE3433D972}
		{BB809263-F052-49C9-BE8B-646C4F61F430} = {1C1F3FE2-F585-468E-9B5F-7406FFD28908}
	EndGlobalSection
	GlobalSection(ExtensibilityGlobals) = postSolution
		SolutionGuid = {D1542C5E-07C7-409A-8619-878B5BED75E7}
	EndGlobalSection
EndGlobal
